
Microsoft Visual Studio Solution File, Format Version 12.00
# Visual Studio 15
VisualStudioVersion = 15.0.28010.2050
MinimumVisualStudioVersion = 10.0.40219.1
Project("{FAE04EC0-301F-11D3-BF4B-00C04F79EFBC}") = "RSS", "RSS.csproj", "{1E16B105-65EF-48C9-A361-9B7D15B23796}"
EndProject
Global
	GlobalSection(SolutionConfigurationPlatforms) = preSolution
		Debug|Any CPU = Debug|Any CPU
		Release|Any CPU = Release|Any CPU
	EndGlobalSection
	GlobalSection(ProjectConfigurationPlatforms) = postSolution
		{1E16B105-65EF-48C9-A361-9B7D15B23796}.Debug|Any CPU.ActiveCfg = Debug|Any CPU
		{1E16B105-65EF-48C9-A361-9B7D15B23796}.Debug|Any CPU.Build.0 = Debug|Any CPU
		{1E16B105-65EF-48C9-A361-9B7D15B23796}.Release|Any CPU.ActiveCfg = Release|Any CPU
		{1E16B105-65EF-48C9-A361-9B7D15B23796}.Release|Any CPU.Build.0 = Release|Any CPU
	EndGlobalSection
	GlobalSection(SolutionProperties) = preSolution
		HideSolutionNode = FALSE
	EndGlobalSection
	GlobalSection(ExtensibilityGlobals) = postSolution
		SolutionGuid = {B1246C48-7196-46E8-9E20-15F4C0C4942C}
	EndGlobalSection
EndGlobal
